
Microsoft Visual Studio Solution File, Format Version 12.00
# Visual Studio 15
VisualStudioVersion = 15.0.28307.329
MinimumVisualStudioVersion = 10.0.40219.1
Project("{FAE04EC0-301F-11D3-BF4B-00C04F79EFBC}") = "TimerEvents", "TimerEvents\TimerEvents.csproj", "{279A5278-A129-484D-8142-AF5ECA6026C4}"
EndProject
Global
	GlobalSection(SolutionConfigurationPlatforms) = preSolution
		Debug|Any CPU = Debug|Any CPU
		Release|Any CPU = Release|Any CPU
	EndGlobalSection
	GlobalSection(ProjectConfigurationPlatforms) = postSolution
		{279A5278-A129-484D-8142-AF5ECA6026C4}.Debug|Any CPU.ActiveCfg = Debug|Any CPU
		{279A5278-A129-484D-8142-AF5ECA6026C4}.Debug|Any CPU.Build.0 = Debug|Any CPU
		{279A5278-A129-484D-8142-AF5ECA6026C4}.Release|Any CPU.ActiveCfg = Release|Any CPU
		{279A5278-A129-484D-8142-AF5ECA6026C4}.Release|Any CPU.Build.0 = Release|Any CPU
	EndGlobalSection
	GlobalSection(SolutionProperties) = preSolution
		HideSolutionNode = FALSE
	EndGlobalSection
	GlobalSection(ExtensibilityGlobals) = postSolution
		SolutionGuid = {E905B8BB-663E-467E-AEA5-979B75077E07}
	EndGlobalSection
EndGlobal
